
Microsoft Visual Studio Solution File, Format Version 12.00
# Visual Studio Version 17
VisualStudioVersion = 17.0.31903.59
MinimumVisualStudioVersion = 10.0.40219.1
Project("{FAE04EC0-301F-11D3-BF4B-00C04F79EFBC}") = "LevelOne", "LevelOne\LevelOne.csproj", "{22442334-81DB-4A19-9EA0-453C56EB231D}"
EndProject
Project("{FAE04EC0-301F-11D3-BF4B-00C04F79EFBC}") = "LevelTwo", "LevelTwo\LevelTwo.csproj", "{DB698C07-A656-4F3A-BC9C-1AD2D703B191}"
EndProject
Project("{FAE04EC0-301F-11D3-BF4B-00C04F79EFBC}") = "SoGoodLib", "SoGoodLib\SoGoodLib.csproj", "{FBC193C2-B358-4A24-8CCD-EC07F9F880DC}"
EndProject
Project("{FAE04EC0-301F-11D3-BF4B-00C04F79EFBC}") = "WorkerTable", "WorkerTable\WorkerTable.csproj", "{C183F176-35F5-4F00-814C-26DD5156E92C}"
EndProject
Global
	GlobalSection(SolutionConfigurationPlatforms) = preSolution
		Debug|Any CPU = Debug|Any CPU
		Release|Any CPU = Release|Any CPU
	EndGlobalSection
	GlobalSection(SolutionProperties) = preSolution
		HideSolutionNode = FALSE
	EndGlobalSection
	GlobalSection(ProjectConfigurationPlatforms) = postSolution
		{22442334-81DB-4A19-9EA0-453C56EB231D}.Debug|Any CPU.ActiveCfg = Debug|Any CPU
		{22442334-81DB-4A19-9EA0-453C56EB231D}.Debug|Any CPU.Build.0 = Debug|Any CPU
		{22442334-81DB-4A19-9EA0-453C56EB231D}.Release|Any CPU.ActiveCfg = Release|Any CPU
		{22442334-81DB-4A19-9EA0-453C56EB231D}.Release|Any CPU.Build.0 = Release|Any CPU
		{DB698C07-A656-4F3A-BC9C-1AD2D703B191}.Debug|Any CPU.ActiveCfg = Debug|Any CPU
		{DB698C07-A656-4F3A-BC9C-1AD2D703B191}.Debug|Any CPU.Build.0 = Debug|Any CPU
		{DB698C07-A656-4F3A-BC9C-1AD2D703B191}.Release|Any CPU.ActiveCfg = Release|Any CPU
		{DB698C07-A656-4F3A-BC9C-1AD2D703B191}.Release|Any CPU.Build.0 = Release|Any CPU
		{FBC193C2-B358-4A24-8CCD-EC07F9F880DC}.Debug|Any CPU.ActiveCfg = Debug|Any CPU
		{FBC193C2-B358-4A24-8CCD-EC07F9F880DC}.Debug|Any CPU.Build.0 = Debug|Any CPU
		{FBC193C2-B358-4A24-8CCD-EC07F9F880DC}.Release|Any CPU.ActiveCfg = Release|Any CPU
		{FBC193C2-B358-4A24-8CCD-EC07F9F880DC}.Release|Any CPU.Build.0 = Release|Any CPU
		{C183F176-35F5-4F00-814C-26DD5156E92C}.Debug|Any CPU.ActiveCfg = Debug|Any CPU
		{C183F176-35F5-4F00-814C-26DD5156E92C}.Debug|Any CPU.Build.0 = Debug|Any CPU
		{C183F176-35F5-4F00-814C-26DD5156E92C}.Release|Any CPU.ActiveCfg = Release|Any CPU
		{C183F176-35F5-4F00-814C-26DD5156E92C}.Release|Any CPU.Build.0 = Release|Any CPU
	EndGlobalSection
EndGlobal
